
Microsoft Visual Studio Solution File, Format Version 12.00
# Visual Studio Version 16
VisualStudioVersion = 16.0.31702.278
MinimumVisualStudioVersion = 10.0.40219.1
Project("{FAE04EC0-301F-11D3-BF4B-00C04F79EFBC}") = "ConsoleApp7", "ConsoleApp7\ConsoleApp7.csproj", "{C9A1D790-5C8D-42CA-9BBD-024D9673CF62}"
EndProject
Global
	GlobalSection(SolutionConfigurationPlatforms) = preSolution
		Debug|Any CPU = Debug|Any CPU
		Release|Any CPU = Release|Any CPU
	EndGlobalSection
	GlobalSection(ProjectConfigurationPlatforms) = postSolution
		{C9A1D790-5C8D-42CA-9BBD-024D9673CF62}.Debug|Any CPU.ActiveCfg = Debug|Any CPU
		{C9A1D790-5C8D-42CA-9BBD-024D9673CF62}.Debug|Any CPU.Build.0 = Debug|Any CPU
		{C9A1D790-5C8D-42CA-9BBD-024D9673CF62}.Release|Any CPU.ActiveCfg = Release|Any CPU
		{C9A1D790-5C8D-42CA-9BBD-024D9673CF62}.Release|Any CPU.Build.0 = Release|Any CPU
	EndGlobalSection
	GlobalSection(SolutionProperties) = preSolution
		HideSolutionNode = FALSE
	EndGlobalSection
	GlobalSection(ExtensibilityGlobals) = postSolution
		SolutionGuid = {C2F571EB-18CC-4FEE-A2EA-C641460BF3AE}
	EndGlobalSection
EndGlobal
